
Microsoft Visual Studio Solution File, Format Version 12.00
# Visual Studio Version 17
VisualStudioVersion = 17.7.34024.191
MinimumVisualStudioVersion = 10.0.40219.1
Project("{FAE04EC0-301F-11D3-BF4B-00C04F79EFBC}") = "pmd-be", "pmd-be.csproj", "{79B8AC3D-14D7-474D-B109-A95ADA55A1FC}"
EndProject
Project("{FAE04EC0-301F-11D3-BF4B-00C04F79EFBC}") = "pmd-be_Test", "..\pmd-be_Test\pmd-be_Test.csproj", "{C1DA195E-6082-4292-8307-78CC2222DF06}"
EndProject
Global
	GlobalSection(SolutionConfigurationPlatforms) = preSolution
		Debug|Any CPU = Debug|Any CPU
		Release|Any CPU = Release|Any CPU
	EndGlobalSection
	GlobalSection(ProjectConfigurationPlatforms) = postSolution
		{79B8AC3D-14D7-474D-B109-A95ADA55A1FC}.Debug|Any CPU.ActiveCfg = Debug|Any CPU
		{79B8AC3D-14D7-474D-B109-A95ADA55A1FC}.Debug|Any CPU.Build.0 = Debug|Any CPU
		{79B8AC3D-14D7-474D-B109-A95ADA55A1FC}.Release|Any CPU.ActiveCfg = Release|Any CPU
		{79B8AC3D-14D7-474D-B109-A95ADA55A1FC}.Release|Any CPU.Build.0 = Release|Any CPU
		{C1DA195E-6082-4292-8307-78CC2222DF06}.Debug|Any CPU.ActiveCfg = Debug|Any CPU
		{C1DA195E-6082-4292-8307-78CC2222DF06}.Debug|Any CPU.Build.0 = Debug|Any CPU
		{C1DA195E-6082-4292-8307-78CC2222DF06}.Release|Any CPU.ActiveCfg = Release|Any CPU
		{C1DA195E-6082-4292-8307-78CC2222DF06}.Release|Any CPU.Build.0 = Release|Any CPU
	EndGlobalSection
	GlobalSection(SolutionProperties) = preSolution
		HideSolutionNode = FALSE
	EndGlobalSection
	GlobalSection(ExtensibilityGlobals) = postSolution
		SolutionGuid = {8E9625F9-FC0E-439D-9CC1-83A00D2B5999}
	EndGlobalSection
EndGlobal
